
Microsoft Visual Studio Solution File, Format Version 12.00
Project("{FAE04EC0-301F-11D3-BF4B-00C04F79EFBC}") = "WebAPI", "WebAPI\WebAPI.csproj", "{4CB2030D-0E6A-4AF1-B6C8-DF79D4617A69}"
EndProject
Global
	GlobalSection(SolutionConfigurationPlatforms) = preSolution
		Debug|Any CPU = Debug|Any CPU
		Release|Any CPU = Release|Any CPU
	EndGlobalSection
	GlobalSection(ProjectConfigurationPlatforms) = postSolution
		{4CB2030D-0E6A-4AF1-B6C8-DF79D4617A69}.Debug|Any CPU.ActiveCfg = Debug|Any CPU
		{4CB2030D-0E6A-4AF1-B6C8-DF79D4617A69}.Debug|Any CPU.Build.0 = Debug|Any CPU
		{4CB2030D-0E6A-4AF1-B6C8-DF79D4617A69}.Release|Any CPU.ActiveCfg = Release|Any CPU
		{4CB2030D-0E6A-4AF1-B6C8-DF79D4617A69}.Release|Any CPU.Build.0 = Release|Any CPU
	EndGlobalSection
EndGlobal
